
Microsoft Visual Studio Solution File, Format Version 12.00
# Visual Studio 15
VisualStudioVersion = 15.0.28307.421
MinimumVisualStudioVersion = 10.0.40219.1
Project("{FAE04EC0-301F-11D3-BF4B-00C04F79EFBC}") = "SpriteFontPlus.Content", "SpriteFontPlus.Content\SpriteFontPlus.Content.csproj", "{20088E68-396E-4F40-A96C-336D3FEEE815}"
EndProject
Project("{2150E333-8FDC-42A3-9474-1A3956D46DE8}") = "Solution Items", "Solution Items", "{BC7F2A2E-6A4C-4A7A-AA58-8F048ECB0396}"
	ProjectSection(SolutionItems) = preProject
		buildNugetPackages.ps1 = buildNugetPackages.ps1
		SpriteFontPlus.Content.nuspec = SpriteFontPlus.Content.nuspec
	EndProjectSection
EndProject
Global
	GlobalSection(SolutionConfigurationPlatforms) = preSolution
		Debug|Any CPU = Debug|Any CPU
		Release|Any CPU = Release|Any CPU
	EndGlobalSection
	GlobalSection(ProjectConfigurationPlatforms) = postSolution
		{20088E68-396E-4F40-A96C-336D3FEEE815}.Debug|Any CPU.ActiveCfg = Debug|Any CPU
		{20088E68-396E-4F40-A96C-336D3FEEE815}.Debug|Any CPU.Build.0 = Debug|Any CPU
		{20088E68-396E-4F40-A96C-336D3FEEE815}.Release|Any CPU.ActiveCfg = Release|Any CPU
		{20088E68-396E-4F40-A96C-336D3FEEE815}.Release|Any CPU.Build.0 = Release|Any CPU
	EndGlobalSection
	GlobalSection(SolutionProperties) = preSolution
		HideSolutionNode = FALSE
	EndGlobalSection
	GlobalSection(ExtensibilityGlobals) = postSolution
		SolutionGuid = {41761000-FA48-4BF6-A2D2-A301C0B8D395}
	EndGlobalSection
EndGlobal
